
Microsoft Visual Studio Solution File, Format Version 12.00
# Visual Studio 15
VisualStudioVersion = 15.0.28307.1022
MinimumVisualStudioVersion = 10.0.40219.1
Project("{8BC9CEB8-8B4A-11D0-8D11-00A0C91BC942}") = "20200405", "20200405\20200405.vcxproj", "{3367A593-04F7-4E90-9F85-D178E242C819}"
EndProject
Global
	GlobalSection(SolutionConfigurationPlatforms) = preSolution
		Debug|x64 = Debug|x64
		Debug|x86 = Debug|x86
		Release|x64 = Release|x64
		Release|x86 = Release|x86
	EndGlobalSection
	GlobalSection(ProjectConfigurationPlatforms) = postSolution
		{3367A593-04F7-4E90-9F85-D178E242C819}.Debug|x64.ActiveCfg = Debug|x64
		{3367A593-04F7-4E90-9F85-D178E242C819}.Debug|x64.Build.0 = Debug|x64
		{3367A593-04F7-4E90-9F85-D178E242C819}.Debug|x86.ActiveCfg = Debug|Win32
		{3367A593-04F7-4E90-9F85-D178E242C819}.Debug|x86.Build.0 = Debug|Win32
		{3367A593-04F7-4E90-9F85-D178E242C819}.Release|x64.ActiveCfg = Release|x64
		{3367A593-04F7-4E90-9F85-D178E242C819}.Release|x64.Build.0 = Release|x64
		{3367A593-04F7-4E90-9F85-D178E242C819}.Release|x86.ActiveCfg = Release|Win32
		{3367A593-04F7-4E90-9F85-D178E242C819}.Release|x86.Build.0 = Release|Win32
	EndGlobalSection
	GlobalSection(SolutionProperties) = preSolution
		HideSolutionNode = FALSE
	EndGlobalSection
	GlobalSection(ExtensibilityGlobals) = postSolution
		SolutionGuid = {E097FCD8-1BD4-4E2F-80C9-10DE2102A9CB}
	EndGlobalSection
EndGlobal
